// !$*UTF8*$!
{
	archiveVersion = 1;
	classes = {
	};
	objectVersion = 56;
	objects = {

/* Begin PBXBuildFile section */
		D3BE716A28D6FEA5006DB1EA /* AppDelegate.swift in Sources */ = {isa = PBXBuildFile; fileRef = D3BE716928D6FEA5006DB1EA /* AppDelegate.swift */; };
		D3BE716C28D6FEA5006DB1EA /* ContentView.swift in Sources */ = {isa = PBXBuildFile; fileRef = D3BE716B28D6FEA5006DB1EA /* ContentView.swift */; };
		D3BE716E28D6FEA5006DB1EA /* Experience.rcproject in Sources */ = {isa = PBXBuildFile; fileRef = D3BE716D28D6FEA5006DB1EA /* Experience.rcproject */; };
		D3BE717028D6FEA6006DB1EA /* Assets.xcassets in Resources */ = {isa = PBXBuildFile; fileRef = D3BE716F28D6FEA6006DB1EA /* Assets.xcassets */; };
		D3BE717328D6FEA6006DB1EA /* Preview Assets.xcassets in Resources */ = {isa = PBXBuildFile; fileRef = D3BE717228D6FEA6006DB1EA /* Preview Assets.xcassets */; };
		D3BE717D28D6FEA7006DB1EA /* RealityKitMetalTests.swift in Sources */ = {isa = PBXBuildFile; fileRef = D3BE717C28D6FEA7006DB1EA /* RealityKitMetalTests.swift */; };
		D3BE718728D6FEA7006DB1EA /* RealityKitMetalUITests.swift in Sources */ = {isa = PBXBuildFile; fileRef = D3BE718628D6FEA7006DB1EA /* RealityKitMetalUITests.swift */; };
		D3BE718928D6FEA7006DB1EA /* RealityKitMetalUITestsLaunchTests.swift in Sources */ = {isa = PBXBuildFile; fileRef = D3BE718828D6FEA7006DB1EA /* RealityKitMetalUITestsLaunchTests.swift */; };
		D3BE719628D6FF0F006DB1EA /* Shader.metal in Sources */ = {isa = PBXBuildFile; fileRef = D3BE719528D6FF0F006DB1EA /* Shader.metal */; };
		D3BE719828D70152006DB1EA /* CustomARView.swift in Sources */ = {isa = PBXBuildFile; fileRef = D3BE719728D70152006DB1EA /* CustomARView.swift */; };
/* End PBXBuildFile section */

/* Begin PBXContainerItemProxy section */
		D3BE717928D6FEA7006DB1EA /* PBXContainerItemProxy */ = {
			isa = PBXContainerItemProxy;
			containerPortal = D3BE715E28D6FEA5006DB1EA /* Project object */;
			proxyType = 1;
			remoteGlobalIDString = D3BE716528D6FEA5006DB1EA;
			remoteInfo = RealityKitMetal;
		};
		D3BE718328D6FEA7006DB1EA /* PBXContainerItemProxy */ = {
			isa = PBXContainerItemProxy;
			containerPortal = D3BE715E28D6FEA5006DB1EA /* Project object */;
			proxyType = 1;
			remoteGlobalIDString = D3BE716528D6FEA5006DB1EA;
			remoteInfo = RealityKitMetal;
		};
/* End PBXContainerItemProxy section */

/* Begin PBXFileReference section */
		D3BE716628D6FEA5006DB1EA /* RealityKitMetal.app */ = {isa = PBXFileReference; explicitFileType = wrapper.application; includeInIndex = 0; path = RealityKitMetal.app; sourceTree = BUILT_PRODUCTS_DIR; };
		D3BE716928D6FEA5006DB1EA /* AppDelegate.swift */ = {isa = PBXFileReference; lastKnownFileType = sourcecode.swift; path = AppDelegate.swift; sourceTree = "<group>"; };
		D3BE716B28D6FEA5006DB1EA /* ContentView.swift */ = {isa = PBXFileReference; lastKnownFileType = sourcecode.swift; path = ContentView.swift; sourceTree = "<group>"; };
		D3BE716D28D6FEA5006DB1EA /* Experience.rcproject */ = {isa = PBXFileReference; lastKnownFileType = file.rcproject; path = Experience.rcproject; sourceTree = "<group>"; };
		D3BE716F28D6FEA6006DB1EA /* Assets.xcassets */ = {isa = PBXFileReference; lastKnownFileType = folder.assetcatalog; path = Assets.xcassets; sourceTree = "<group>"; };
		D3BE717228D6FEA6006DB1EA /* Preview Assets.xcassets */ = {isa = PBXFileReference; lastKnownFileType = folder.assetcatalog; path = "Preview Assets.xcassets"; sourceTree = "<group>"; };
		D3BE717828D6FEA7006DB1EA /* RealityKitMetalTests.xctest */ = {isa = PBXFileReference; explicitFileType = wrapper.cfbundle; includeInIndex = 0; path = RealityKitMetalTests.xctest; sourceTree = BUILT_PRODUCTS_DIR; };
		D3BE717C28D6FEA7006DB1EA /* RealityKitMetalTests.swift */ = {isa = PBXFileReference; lastKnownFileType = sourcecode.swift; path = RealityKitMetalTests.swift; sourceTree = "<group>"; };
		D3BE718228D6FEA7006DB1EA /* RealityKitMetalUITests.xctest */ = {isa = PBXFileReference; explicitFileType = wrapper.cfbundle; includeInIndex = 0; path = RealityKitMetalUITests.xctest; sourceTree = BUILT_PRODUCTS_DIR; };
		D3BE718628D6FEA7006DB1EA /* RealityKitMetalUITests.swift */ = {isa = PBXFileReference; lastKnownFileType = sourcecode.swift; path = RealityKitMetalUITests.swift; sourceTree = "<group>"; };
		D3BE718828D6FEA7006DB1EA /* RealityKitMetalUITestsLaunchTests.swift */ = {isa = PBXFileReference; lastKnownFileType = sourcecode.swift; path = RealityKitMetalUITestsLaunchTests.swift; sourceTree = "<group>"; };
		D3BE719528D6FF0F006DB1EA /* Shader.metal */ = {isa = PBXFileReference; lastKnownFileType = sourcecode.metal; path = Shader.metal; sourceTree = "<group>"; };
		D3BE719728D70152006DB1EA /* CustomARView.swift */ = {isa = PBXFileReference; lastKnownFileType = sourcecode.swift; path = CustomARView.swift; sourceTree = "<group>"; };
/* End PBXFileReference section */

/* Begin PBXFrameworksBuildPhase section */
		D3BE716328D6FEA5006DB1EA /* Frameworks */ = {
			isa = PBXFrameworksBuildPhase;
			buildActionMask = 2147483647;
			files = (
			);
			runOnlyForDeploymentPostprocessing = 0;
		};
		D3BE717528D6FEA7006DB1EA /* Frameworks */ = {
			isa = PBXFrameworksBuildPhase;
			buildActionMask = 2147483647;
			files = (
			);
			runOnlyForDeploymentPostprocessing = 0;
		};
		D3BE717F28D6FEA7006DB1EA /* Frameworks */ = {
			isa = PBXFrameworksBuildPhase;
			buildActionMask = 2147483647;
			files = (
			);
			runOnlyForDeploymentPostprocessing = 0;
		};
/* End PBXFrameworksBuildPhase section */

/* Begin PBXGroup section */
		D3BE715D28D6FEA5006DB1EA = {
			isa = PBXGroup;
			children = (
				D3BE716828D6FEA5006DB1EA /* RealityKitMetal */,
				D3BE717B28D6FEA7006DB1EA /* RealityKitMetalTests */,
				D3BE718528D6FEA7006DB1EA /* RealityKitMetalUITests */,
				D3BE716728D6FEA5006DB1EA /* Products */,
			);
			sourceTree = "<group>";
		};
		D3BE716728D6FEA5006DB1EA /* Products */ = {
			isa = PBXGroup;
			children = (
				D3BE716628D6FEA5006DB1EA /* RealityKitMetal.app */,
				D3BE717828D6FEA7006DB1EA /* RealityKitMetalTests.xctest */,
				D3BE718228D6FEA7006DB1EA /* RealityKitMetalUITests.xctest */,
			);
			name = Products;
			sourceTree = "<group>";
		};
		D3BE716828D6FEA5006DB1EA /* RealityKitMetal */ = {
			isa = PBXGroup;
			children = (
				D3BE716928D6FEA5006DB1EA /* AppDelegate.swift */,
				D3BE716B28D6FEA5006DB1EA /* ContentView.swift */,
				D3BE719728D70152006DB1EA /* CustomARView.swift */,
				D3BE716D28D6FEA5006DB1EA /* Experience.rcproject */,
				D3BE716F28D6FEA6006DB1EA /* Assets.xcassets */,
				D3BE717128D6FEA6006DB1EA /* Preview Content */,
				D3BE719528D6FF0F006DB1EA /* Shader.metal */,
			);
			path = RealityKitMetal;
			sourceTree = "<group>";
		};
		D3BE717128D6FEA6006DB1EA /* Preview Content */ = {
			isa = PBXGroup;
			children = (
				D3BE717228D6FEA6006DB1EA /* Preview Assets.xcassets */,
			);
			path = "Preview Content";
			sourceTree = "<group>";
		};
		D3BE717B28D6FEA7006DB1EA /* RealityKitMetalTests */ = {
			isa = PBXGroup;
			children = (
				D3BE717C28D6FEA7006DB1EA /* RealityKitMetalTests.swift */,
			);
			path = RealityKitMetalTests;
			sourceTree = "<group>";
		};
		D3BE718528D6FEA7006DB1EA /* RealityKitMetalUITests */ = {
			isa = PBXGroup;
			children = (
				D3BE718628D6FEA7006DB1EA /* RealityKitMetalUITests.swift */,
				D3BE718828D6FEA7006DB1EA /* RealityKitMetalUITestsLaunchTests.swift */,
			);
			path = RealityKitMetalUITests;
			sourceTree = "<group>";
		};
/* End PBXGroup section */

/* Begin PBXNativeTarget section */
		D3BE716528D6FEA5006DB1EA /* RealityKitMetal */ = {
			isa = PBXNativeTarget;
			buildConfigurationList = D3BE718C28D6FEA7006DB1EA /* Build configuration list for PBXNativeTarget "RealityKitMetal" */;
			buildPhases = (
				D3BE716228D6FEA5006DB1EA /* Sources */,
				D3BE716328D6FEA5006DB1EA /* Frameworks */,
				D3BE716428D6FEA5006DB1EA /* Resources */,
			);
			buildRules = (
			);
			dependencies = (
			);
			name = RealityKitMetal;
			productName = RealityKitMetal;
			productReference = D3BE716628D6FEA5006DB1EA /* RealityKitMetal.app */;
			productType = "com.apple.product-type.application";
		};
		D3BE717728D6FEA7006DB1EA /* RealityKitMetalTests */ = {
			isa = PBXNativeTarget;
			buildConfigurationList = D3BE718F28D6FEA7006DB1EA /* Build configuration list for PBXNativeTarget "RealityKitMetalTests" */;
			buildPhases = (
				D3BE717428D6FEA7006DB1EA /* Sources */,
				D3BE717528D6FEA7006DB1EA /* Frameworks */,
				D3BE717628D6FEA7006DB1EA /* Resources */,
			);
			buildRules = (
			);
			dependencies = (
				D3BE717A28D6FEA7006DB1EA /* PBXTargetDependency */,
			);
			name = RealityKitMetalTests;
			productName = RealityKitMetalTests;
			productReference = D3BE717828D6FEA7006DB1EA /* RealityKitMetalTests.xctest */;
			productType = "com.apple.product-type.bundle.unit-test";
		};
		D3BE718128D6FEA7006DB1EA /* RealityKitMetalUITests */ = {
			isa = PBXNativeTarget;
			buildConfigurationList = D3BE719228D6FEA7006DB1EA /* Build configuration list for PBXNativeTarget "RealityKitMetalUITests" */;
			buildPhases = (
				D3BE717E28D6FEA7006DB1EA /* Sources */,
				D3BE717F28D6FEA7006DB1EA /* Frameworks */,
				D3BE718028D6FEA7006DB1EA /* Resources */,
			);
			buildRules = (
			);
			dependencies = (
				D3BE718428D6FEA7006DB1EA /* PBXTargetDependency */,
			);
			name = RealityKitMetalUITests;
			productName = RealityKitMetalUITests;
			productReference = D3BE718228D6FEA7006DB1EA /* RealityKitMetalUITests.xctest */;
			productType = "com.apple.product-type.bundle.ui-testing";
		};
/* End PBXNativeTarget section */

/* Begin PBXProject section */
		D3BE715E28D6FEA5006DB1EA /* Project object */ = {
			isa = PBXProject;
			attributes = {
				BuildIndependentTargetsInParallel = 1;
				LastSwiftUpdateCheck = 1400;
				LastUpgradeCheck = 1400;
				TargetAttributes = {
					D3BE716528D6FEA5006DB1EA = {
						CreatedOnToolsVersion = 14.0;
					};
					D3BE717728D6FEA7006DB1EA = {
						CreatedOnToolsVersion = 14.0;
						TestTargetID = D3BE716528D6FEA5006DB1EA;
					};
					D3BE718128D6FEA7006DB1EA = {
						CreatedOnToolsVersion = 14.0;
						TestTargetID = D3BE716528D6FEA5006DB1EA;
					};
				};
			};
			buildConfigurationList = D3BE716128D6FEA5006DB1EA /* Build configuration list for PBXProject "RealityKitMetal" */;
			compatibilityVersion = "Xcode 14.0";
			developmentRegion = en;
			hasScannedForEncodings = 0;
			knownRegions = (
				en,
				Base,
			);
			mainGroup = D3BE715D28D6FEA5006DB1EA;
			productRefGroup = D3BE716728D6FEA5006DB1EA /* Products */;
			projectDirPath = "";
			projectRoot = "";
			targets = (
				D3BE716528D6FEA5006DB1EA /* RealityKitMetal */,
				D3BE717728D6FEA7006DB1EA /* RealityKitMetalTests */,
				D3BE718128D6FEA7006DB1EA /* RealityKitMetalUITests */,
			);
		};
/* End PBXProject section */

/* Begin PBXResourcesBuildPhase section */
		D3BE716428D6FEA5006DB1EA /* Resources */ = {
			isa = PBXResourcesBuildPhase;
			buildActionMask = 2147483647;
			files = (
				D3BE717328D6FEA6006DB1EA /* Preview Assets.xcassets in Resources */,
				D3BE717028D6FEA6006DB1EA /* Assets.xcassets in Resources */,
			);
			runOnlyForDeploymentPostprocessing = 0;
		};
		D3BE717628D6FEA7006DB1EA /* Resources */ = {
			isa = PBXResourcesBuildPhase;
			buildActionMask = 2147483647;
			files = (
			);
			runOnlyForDeploymentPostprocessing = 0;
		};
		D3BE718028D6FEA7006DB1EA /* Resources */ = {
			isa = PBXResourcesBuildPhase;
			buildActionMask = 2147483647;
			files = (
			);
			runOnlyForDeploymentPostprocessing = 0;
		};
/* End PBXResourcesBuildPhase section */

/* Begin PBXSourcesBuildPhase section */
		D3BE716228D6FEA5006DB1EA /* Sources */ = {
			isa = PBXSourcesBuildPhase;
			buildActionMask = 2147483647;
			files = (
				D3BE719828D70152006DB1EA /* CustomARView.swift in Sources */,
				D3BE719628D6FF0F006DB1EA /* Shader.metal in Sources */,
				D3BE716C28D6FEA5006DB1EA /* ContentView.swift in Sources */,
				D3BE716A28D6FEA5006DB1EA /* AppDelegate.swift in Sources */,
				D3BE716E28D6FEA5006DB1EA /* Experience.rcproject in Sources */,
			);
			runOnlyForDeploymentPostprocessing = 0;
		};
		D3BE717428D6FEA7006DB1EA /* Sources */ = {
			isa = PBXSourcesBuildPhase;
			buildActionMask = 2147483647;
			files = (
				D3BE717D28D6FEA7006DB1EA /* RealityKitMetalTests.swift in Sources */,
			);
			runOnlyForDeploymentPostprocessing = 0;
		};
		D3BE717E28D6FEA7006DB1EA /* Sources */ = {
			isa = PBXSourcesBuildPhase;
			buildActionMask = 2147483647;
			files = (
				D3BE718928D6FEA7006DB1EA /* RealityKitMetalUITestsLaunchTests.swift in Sources */,
				D3BE718728D6FEA7006DB1EA /* RealityKitMetalUITests.swift in Sources */,
			);
			runOnlyForDeploymentPostprocessing = 0;
		};
/* End PBXSourcesBuildPhase section */

/* Begin PBXTargetDependency section */
		D3BE717A28D6FEA7006DB1EA /* PBXTargetDependency */ = {
			isa = PBXTargetDependency;
			target = D3BE716528D6FEA5006DB1EA /* RealityKitMetal */;
			targetProxy = D3BE717928D6FEA7006DB1EA /* PBXContainerItemProxy */;
		};
		D3BE718428D6FEA7006DB1EA /* PBXTargetDependency */ = {
			isa = PBXTargetDependency;
			target = D3BE716528D6FEA5006DB1EA /* RealityKitMetal */;
			targetProxy = D3BE718328D6FEA7006DB1EA /* PBXContainerItemProxy */;
		};
/* End PBXTargetDependency section */

/* Begin XCBuildConfiguration section */
		D3BE718A28D6FEA7006DB1EA /* Debug */ = {
			isa = XCBuildConfiguration;
			buildSettings = {
				ALWAYS_SEARCH_USER_PATHS = NO;
				CLANG_ANALYZER_NONNULL = YES;
				CLANG_ANALYZER_NUMBER_OBJECT_CONVERSION = YES_AGGRESSIVE;
				CLANG_CXX_LANGUAGE_STANDARD = "gnu++20";
				CLANG_ENABLE_MODULES = YES;
				CLANG_ENABLE_OBJC_ARC = YES;
				CLANG_ENABLE_OBJC_WEAK = YES;
				CLANG_WARN_BLOCK_CAPTURE_AUTORELEASING = YES;
				CLANG_WARN_BOOL_CONVERSION = YES;
				CLANG_WARN_COMMA = YES;
				CLANG_WARN_CONSTANT_CONVERSION = YES;
				CLANG_WARN_DEPRECATED_OBJC_IMPLEMENTATIONS = YES;
				CLANG_WARN_DIRECT_OBJC_ISA_USAGE = YES_ERROR;
				CLANG_WARN_DOCUMENTATION_COMMENTS = YES;
				CLANG_WARN_EMPTY_BODY = YES;
				CLANG_WARN_ENUM_CONVERSION = YES;
				CLANG_WARN_INFINITE_RECURSION = YES;
				CLANG_WARN_INT_CONVERSION = YES;
				CLANG_WARN_NON_LITERAL_NULL_CONVERSION = YES;
				CLANG_WARN_OBJC_IMPLICIT_RETAIN_SELF = YES;
				CLANG_WARN_OBJC_LITERAL_CONVERSION = YES;
				CLANG_WARN_OBJC_ROOT_CLASS = YES_ERROR;
				CLANG_WARN_QUOTED_INCLUDE_IN_FRAMEWORK_HEADER = YES;
				CLANG_WARN_RANGE_LOOP_ANALYSIS = YES;
				CLANG_WARN_STRICT_PROTOTYPES = YES;
				CLANG_WARN_SUSPICIOUS_MOVE = YES;
				CLANG_WARN_UNGUARDED_AVAILABILITY = YES_AGGRESSIVE;
				CLANG_WARN_UNREACHABLE_CODE = YES;
				CLANG_WARN__DUPLICATE_METHOD_MATCH = YES;
				COPY_PHASE_STRIP = NO;
				DEBUG_INFORMATION_FORMAT = dwarf;
				ENABLE_STRICT_OBJC_MSGSEND = YES;
				ENABLE_TESTABILITY = YES;
				GCC_C_LANGUAGE_STANDARD = gnu11;
				GCC_DYNAMIC_NO_PIC = NO;
				GCC_NO_COMMON_BLOCKS = YES;
				GCC_OPTIMIZATION_LEVEL = 0;
				GCC_PREPROCESSOR_DEFINITIONS = (
					"DEBUG=1",
					"$(inherited)",
				);
				GCC_WARN_64_TO_32_BIT_CONVERSION = YES;
				GCC_WARN_ABOUT_RETURN_TYPE = YES_ERROR;
				GCC_WARN_UNDECLARED_SELECTOR = YES;
				GCC_WARN_UNINITIALIZED_AUTOS = YES_AGGRESSIVE;
				GCC_WARN_UNUSED_FUNCTION = YES;
				GCC_WARN_UNUSED_VARIABLE = YES;
				IPHONEOS_DEPLOYMENT_TARGET = 16.0;
				MTL_ENABLE_DEBUG_INFO = INCLUDE_SOURCE;
				MTL_FAST_MATH = YES;
				ONLY_ACTIVE_ARCH = YES;
				SDKROOT = iphoneos;
				SWIFT_ACTIVE_COMPILATION_CONDITIONS = DEBUG;
				SWIFT_OPTIMIZATION_LEVEL = "-Onone";
			};
			name = Debug;
		};
		D3BE718B28D6FEA7006DB1EA /* Release */ = {
			isa = XCBuildConfiguration;
			buildSettings = {
				ALWAYS_SEARCH_USER_PATHS = NO;
				CLANG_ANALYZER_NONNULL = YES;
				CLANG_ANALYZER_NUMBER_OBJECT_CONVERSION = YES_AGGRESSIVE;
				CLANG_CXX_LANGUAGE_STANDARD = "gnu++20";
				CLANG_ENABLE_MODULES = YES;
				CLANG_ENABLE_OBJC_ARC = YES;
				CLANG_ENABLE_OBJC_WEAK = YES;
				CLANG_WARN_BLOCK_CAPTURE_AUTORELEASING = YES;
				CLANG_WARN_BOOL_CONVERSION = YES;
				CLANG_WARN_COMMA = YES;
				CLANG_WARN_CONSTANT_CONVERSION = YES;
				CLANG_WARN_DEPRECATED_OBJC_IMPLEMENTATIONS = YES;
				CLANG_WARN_DIRECT_OBJC_ISA_USAGE = YES_ERROR;
				CLANG_WARN_DOCUMENTATION_COMMENTS = YES;
				CLANG_WARN_EMPTY_BODY = YES;
				CLANG_WARN_ENUM_CONVERSION = YES;
				CLANG_WARN_INFINITE_RECURSION = YES;
				CLANG_WARN_INT_CONVERSION = YES;
				CLANG_WARN_NON_LITERAL_NULL_CONVERSION = YES;
				CLANG_WARN_OBJC_IMPLICIT_RETAIN_SELF = YES;
				CLANG_WARN_OBJC_LITERAL_CONVERSION = YES;
				CLANG_WARN_OBJC_ROOT_CLASS = YES_ERROR;
				CLANG_WARN_QUOTED_INCLUDE_IN_FRAMEWORK_HEADER = YES;
				CLANG_WARN_RANGE_LOOP_ANALYSIS = YES;
				CLANG_WARN_STRICT_PROTOTYPES = YES;
				CLANG_WARN_SUSPICIOUS_MOVE = YES;
				CLANG_WARN_UNGUARDED_AVAILABILITY = YES_AGGRESSIVE;
				CLANG_WARN_UNREACHABLE_CODE = YES;
				CLANG_WARN__DUPLICATE_METHOD_MATCH = YES;
				COPY_PHASE_STRIP = NO;
				DEBUG_INFORMATION_FORMAT = "dwarf-with-dsym";
				ENABLE_NS_ASSERTIONS = NO;
				ENABLE_STRICT_OBJC_MSGSEND = YES;
				GCC_C_LANGUAGE_STANDARD = gnu11;
				GCC_NO_COMMON_BLOCKS = YES;
				GCC_WARN_64_TO_32_BIT_CONVERSION = YES;
				GCC_WARN_ABOUT_RETURN_TYPE = YES_ERROR;
				GCC_WARN_UNDECLARED_SELECTOR = YES;
				GCC_WARN_UNINITIALIZED_AUTOS = YES_AGGRESSIVE;
				GCC_WARN_UNUSED_FUNCTION = YES;
				GCC_WARN_UNUSED_VARIABLE = YES;
				IPHONEOS_DEPLOYMENT_TARGET = 16.0;
				MTL_ENABLE_DEBUG_INFO = NO;
				MTL_FAST_MATH = YES;
				SDKROOT = iphoneos;
				SWIFT_COMPILATION_MODE = wholemodule;
				SWIFT_OPTIMIZATION_LEVEL = "-O";
				VALIDATE_PRODUCT = YES;
			};
			name = Release;
		};
		D3BE718D28D6FEA7006DB1EA /* Debug */ = {
			isa = XCBuildConfiguration;
			buildSettings = {
				ASSETCATALOG_COMPILER_APPICON_NAME = AppIcon;
				ASSETCATALOG_COMPILER_GLOBAL_ACCENT_COLOR_NAME = AccentColor;
				CODE_SIGN_STYLE = Automatic;
				CURRENT_PROJECT_VERSION = 1;
				DEVELOPMENT_ASSET_PATHS = "\"RealityKitMetal/Preview Content\"";
				DEVELOPMENT_TEAM = LSUSGUW6L4;
				ENABLE_PREVIEWS = YES;
				GENERATE_INFOPLIST_FILE = YES;
				INFOPLIST_KEY_NSCameraUsageDescription = "";
				INFOPLIST_KEY_UIApplicationSupportsIndirectInputEvents = YES;
				INFOPLIST_KEY_UILaunchScreen_Generation = YES;
				INFOPLIST_KEY_UIRequiredDeviceCapabilities = arkit;
				INFOPLIST_KEY_UIStatusBarHidden = YES;
				INFOPLIST_KEY_UISupportedInterfaceOrientations_iPad = "UIInterfaceOrientationPortrait UIInterfaceOrientationPortraitUpsideDown UIInterfaceOrientationLandscapeLeft UIInterfaceOrientationLandscapeRight";
				INFOPLIST_KEY_UISupportedInterfaceOrientations_iPhone = "UIInterfaceOrientationPortrait UIInterfaceOrientationLandscapeLeft UIInterfaceOrientationLandscapeRight";
				LD_RUNPATH_SEARCH_PATHS = (
					"$(inherited)",
					"@executable_path/Frameworks",
				);
				MARKETING_VERSION = 1.0;
				PRODUCT_BUNDLE_IDENTIFIER = com.mizuki.RealityKitMetal;
				PRODUCT_NAME = "$(TARGET_NAME)";
				SWIFT_EMIT_LOC_STRINGS = YES;
				SWIFT_VERSION = 5.0;
				TARGETED_DEVICE_FAMILY = "1,2";
			};
			name = Debug;
		};
		D3BE718E28D6FEA7006DB1EA /* Release */ = {
			isa = XCBuildConfiguration;
			buildSettings = {
				ASSETCATALOG_COMPILER_APPICON_NAME = AppIcon;
				ASSETCATALOG_COMPILER_GLOBAL_ACCENT_COLOR_NAME = AccentColor;
				CODE_SIGN_STYLE = Automatic;
				CURRENT_PROJECT_VERSION = 1;
				DEVELOPMENT_ASSET_PATHS = "\"RealityKitMetal/Preview Content\"";
				DEVELOPMENT_TEAM = LSUSGUW6L4;
				ENABLE_PREVIEWS = YES;
				GENERATE_INFOPLIST_FILE = YES;
				INFOPLIST_KEY_NSCameraUsageDescription = "";
				INFOPLIST_KEY_UIApplicationSupportsIndirectInputEvents = YES;
				INFOPLIST_KEY_UILaunchScreen_Generation = YES;
				INFOPLIST_KEY_UIRequiredDeviceCapabilities = arkit;
				INFOPLIST_KEY_UIStatusBarHidden = YES;
				INFOPLIST_KEY_UISupportedInterfaceOrientations_iPad = "UIInterfaceOrientationPortrait UIInterfaceOrientationPortraitUpsideDown UIInterfaceOrientationLandscapeLeft UIInterfaceOrientationLandscapeRight";
				INFOPLIST_KEY_UISupportedInterfaceOrientations_iPhone = "UIInterfaceOrientationPortrait UIInterfaceOrientationLandscapeLeft UIInterfaceOrientationLandscapeRight";
				LD_RUNPATH_SEARCH_PATHS = (
					"$(inherited)",
					"@executable_path/Frameworks",
				);
				MARKETING_VERSION = 1.0;
				PRODUCT_BUNDLE_IDENTIFIER = com.mizuki.RealityKitMetal;
				PRODUCT_NAME = "$(TARGET_NAME)";
				SWIFT_EMIT_LOC_STRINGS = YES;
				SWIFT_VERSION = 5.0;
				TARGETED_DEVICE_FAMILY = "1,2";
			};
			name = Release;
		};
		D3BE719028D6FEA7006DB1EA /* Debug */ = {
			isa = XCBuildConfiguration;
			buildSettings = {
				ALWAYS_EMBED_SWIFT_STANDARD_LIBRARIES = YES;
				BUNDLE_LOADER = "$(TEST_HOST)";
				CODE_SIGN_STYLE = Automatic;
				CURRENT_PROJECT_VERSION = 1;
				DEVELOPMENT_TEAM = LSUSGUW6L4;
				GENERATE_INFOPLIST_FILE = YES;
				IPHONEOS_DEPLOYMENT_TARGET = 16.0;
				MARKETING_VERSION = 1.0;
				PRODUCT_BUNDLE_IDENTIFIER = com.mizuki.RealityKitMetalTests;
				PRODUCT_NAME = "$(TARGET_NAME)";
				SWIFT_EMIT_LOC_STRINGS = NO;
				SWIFT_VERSION = 5.0;
				TARGETED_DEVICE_FAMILY = "1,2";
				TEST_HOST = "$(BUILT_PRODUCTS_DIR)/RealityKitMetal.app/$(BUNDLE_EXECUTABLE_FOLDER_PATH)/RealityKitMetal";
			};
			name = Debug;
		};
		D3BE719128D6FEA7006DB1EA /* Release */ = {
			isa = XCBuildConfiguration;
			buildSettings = {
				ALWAYS_EMBED_SWIFT_STANDARD_LIBRARIES = YES;
				BUNDLE_LOADER = "$(TEST_HOST)";
				CODE_SIGN_STYLE = Automatic;
				CURRENT_PROJECT_VERSION = 1;
				DEVELOPMENT_TEAM = LSUSGUW6L4;
				GENERATE_INFOPLIST_FILE = YES;
				IPHONEOS_DEPLOYMENT_TARGET = 16.0;
				MARKETING_VERSION = 1.0;
				PRODUCT_BUNDLE_IDENTIFIER = com.mizuki.RealityKitMetalTests;
				PRODUCT_NAME = "$(TARGET_NAME)";
				SWIFT_EMIT_LOC_STRINGS = NO;
				SWIFT_VERSION = 5.0;
				TARGETED_DEVICE_FAMILY = "1,2";
				TEST_HOST = "$(BUILT_PRODUCTS_DIR)/RealityKitMetal.app/$(BUNDLE_EXECUTABLE_FOLDER_PATH)/RealityKitMetal";
			};
			name = Release;
		};
		D3BE719328D6FEA7006DB1EA /* Debug */ = {
			isa = XCBuildConfiguration;
			buildSettings = {
				ALWAYS_EMBED_SWIFT_STANDARD_LIBRARIES = YES;
				CODE_SIGN_STYLE = Automatic;
				CURRENT_PROJECT_VERSION = 1;
				DEVELOPMENT_TEAM = LSUSGUW6L4;
				GENERATE_INFOPLIST_FILE = YES;
				MARKETING_VERSION = 1.0;
				PRODUCT_BUNDLE_IDENTIFIER = com.mizuki.RealityKitMetalUITests;
				PRODUCT_NAME = "$(TARGET_NAME)";
				SWIFT_EMIT_LOC_STRINGS = NO;
				SWIFT_VERSION = 5.0;
				TARGETED_DEVICE_FAMILY = "1,2";
				TEST_TARGET_NAME = RealityKitMetal;
			};
			name = Debug;
		};
		D3BE719428D6FEA7006DB1EA /* Release */ = {
			isa = XCBuildConfiguration;
			buildSettings = {
				ALWAYS_EMBED_SWIFT_STANDARD_LIBRARIES = YES;
				CODE_SIGN_STYLE = Automatic;
				CURRENT_PROJECT_VERSION = 1;
				DEVELOPMENT_TEAM = LSUSGUW6L4;
				GENERATE_INFOPLIST_FILE = YES;
				MARKETING_VERSION = 1.0;
				PRODUCT_BUNDLE_IDENTIFIER = com.mizuki.RealityKitMetalUITests;
				PRODUCT_NAME = "$(TARGET_NAME)";
				SWIFT_EMIT_LOC_STRINGS = NO;
				SWIFT_VERSION = 5.0;
				TARGETED_DEVICE_FAMILY = "1,2";
				TEST_TARGET_NAME = RealityKitMetal;
			};
			name = Release;
		};
/* End XCBuildConfiguration section */

/* Begin XCConfigurationList section */
		D3BE716128D6FEA5006DB1EA /* Build configuration list for PBXProject "RealityKitMetal" */ = {
			isa = XCConfigurationList;
			buildConfigurations = (
				D3BE718A28D6FEA7006DB1EA /* Debug */,
				D3BE718B28D6FEA7006DB1EA /* Release */,
			);
			defaultConfigurationIsVisible = 0;
			defaultConfigurationName = Release;
		};
		D3BE718C28D6FEA7006DB1EA /* Build configuration list for PBXNativeTarget "RealityKitMetal" */ = {
			isa = XCConfigurationList;
			buildConfigurations = (
				D3BE718D28D6FEA7006DB1EA /* Debug */,
				D3BE718E28D6FEA7006DB1EA /* Release */,
			);
			defaultConfigurationIsVisible = 0;
			defaultConfigurationName = Release;
		};
		D3BE718F28D6FEA7006DB1EA /* Build configuration list for PBXNativeTarget "RealityKitMetalTests" */ = {
			isa = XCConfigurationList;
			buildConfigurations = (
				D3BE719028D6FEA7006DB1EA /* Debug */,
				D3BE719128D6FEA7006DB1EA /* Release */,
			);
			defaultConfigurationIsVisible = 0;
			defaultConfigurationName = Release;
		};
		D3BE719228D6FEA7006DB1EA /* Build configuration list for PBXNativeTarget "RealityKitMetalUITests" */ = {
			isa = XCConfigurationList;
			buildConfigurations = (
				D3BE719328D6FEA7006DB1EA /* Debug */,
				D3BE719428D6FEA7006DB1EA /* Release */,
			);
			defaultConfigurationIsVisible = 0;
			defaultConfigurationName = Release;
		};
/* End XCConfigurationList section */
	};
	rootObject = D3BE715E28D6FEA5006DB1EA /* Project object */;
}
